
Microsoft Visual Studio Solution File, Format Version 12.00
# Visual Studio Version 16
VisualStudioVersion = 16.0.31410.357
MinimumVisualStudioVersion = 10.0.40219.1
Project("{9A19103F-16F7-4668-BE54-9A1E7A4F7556}") = "CustomRenderer", "CustomRenderer\CustomRenderer.csproj", "{D6E42518-091C-4CDE-991D-8E1A047ACC73}"
EndProject
Project("{FAE04EC0-301F-11D3-BF4B-00C04F79EFBC}") = "CustomRenderer.iOS", "iOS\CustomRenderer.iOS.csproj", "{ECCEDD52-F4DB-4E72-BCF8-88DA0D3AB2C7}"
EndProject
Project("{FAE04EC0-301F-11D3-BF4B-00C04F79EFBC}") = "CustomRenderer.Droid", "Droid\CustomRenderer.Droid.csproj", "{496ACFD0-2FDC-4939-AF4F-CE8C19160483}"
EndProject
Project("{FAE04EC0-301F-11D3-BF4B-00C04F79EFBC}") = "CustomRenderer.UWP", "UWP\CustomRenderer.UWP.csproj", "{87A816DF-580D-4370-8345-52928D35777D}"
EndProject
Project("{2150E333-8FDC-42A3-9474-1A3956D46DE8}") = "src", "src", "{C84DCB3F-A5BE-494A-8455-4D7B46C0026A}"
EndProject
Project("{FAE04EC0-301F-11D3-BF4B-00C04F79EFBC}") = "OpenCvSharp.Android", "src\OpenCvSharp.Android\OpenCvSharp.Android.csproj", "{F94F9E8A-E239-45EA-9C61-C7855C8B6F25}"
EndProject
Project("{FAE04EC0-301F-11D3-BF4B-00C04F79EFBC}") = "OpenCvSharp.Windows", "src\OpenCvSharp.Windows\OpenCvSharp.Windows.csproj", "{D7856971-D877-4CB1-A08C-C2A763EBFAD1}"
EndProject
Project("{8BC9CEB8-8B4A-11D0-8D11-00A0C91BC942}") = "OpenCvSharpExtern", "src\OpenCvSharpExtern\OpenCvSharpExtern.vcxproj", "{8E7279F8-F801-4672-B42F-1ED2C68B16A4}"
EndProject
Project("{8BC9CEB8-8B4A-11D0-8D11-00A0C91BC942}") = "OpenCvSharpExternDroid", "src\OpenCvSharpExternDroid\OpenCvSharpExternDroid.vcxproj", "{707296F9-6AEF-4548-A66D-4CF3E5795B1A}"
EndProject
Project("{FAE04EC0-301F-11D3-BF4B-00C04F79EFBC}") = "OpenCvSharp", "src\OpenCvSharp\OpenCvSharp.csproj", "{658C140F-2E73-4E22-80A7-F05DF0A83318}"
EndProject
Global
	GlobalSection(SolutionConfigurationPlatforms) = preSolution
		Ad-Hoc|Any CPU = Ad-Hoc|Any CPU
		Ad-Hoc|ARM = Ad-Hoc|ARM
		Ad-Hoc|ARM64 = Ad-Hoc|ARM64
		Ad-Hoc|iPhone = Ad-Hoc|iPhone
		Ad-Hoc|iPhoneSimulator = Ad-Hoc|iPhoneSimulator
		Ad-Hoc|x64 = Ad-Hoc|x64
		Ad-Hoc|x86 = Ad-Hoc|x86
		AppStore|Any CPU = AppStore|Any CPU
		AppStore|ARM = AppStore|ARM
		AppStore|ARM64 = AppStore|ARM64
		AppStore|iPhone = AppStore|iPhone
		AppStore|iPhoneSimulator = AppStore|iPhoneSimulator
		AppStore|x64 = AppStore|x64
		AppStore|x86 = AppStore|x86
		Debug|Any CPU = Debug|Any CPU
		Debug|ARM = Debug|ARM
		Debug|ARM64 = Debug|ARM64
		Debug|iPhone = Debug|iPhone
		Debug|iPhoneSimulator = Debug|iPhoneSimulator
		Debug|x64 = Debug|x64
		Debug|x86 = Debug|x86
		Release|Any CPU = Release|Any CPU
		Release|ARM = Release|ARM
		Release|ARM64 = Release|ARM64
		Release|iPhone = Release|iPhone
		Release|iPhoneSimulator = Release|iPhoneSimulator
		Release|x64 = Release|x64
		Release|x86 = Release|x86
	EndGlobalSection
	GlobalSection(ProjectConfigurationPlatforms) = postSolution
		{D6E42518-091C-4CDE-991D-8E1A047ACC73}.Ad-Hoc|Any CPU.ActiveCfg = Debug|Any CPU
		{D6E42518-091C-4CDE-991D-8E1A047ACC73}.Ad-Hoc|Any CPU.Build.0 = Debug|Any CPU
		{D6E42518-091C-4CDE-991D-8E1A047ACC73}.Ad-Hoc|Any CPU.Deploy.0 = Debug|Any CPU
		{D6E42518-091C-4CDE-991D-8E1A047ACC73}.Ad-Hoc|ARM.ActiveCfg = Debug|Any CPU
		{D6E42518-091C-4CDE-991D-8E1A047ACC73}.Ad-Hoc|ARM.Build.0 = Debug|Any CPU
		{D6E42518-091C-4CDE-991D-8E1A047ACC73}.Ad-Hoc|ARM.Deploy.0 = Debug|Any CPU
		{D6E42518-091C-4CDE-991D-8E1A047ACC73}.Ad-Hoc|ARM64.ActiveCfg = Release|Any CPU
		{D6E42518-091C-4CDE-991D-8E1A047ACC73}.Ad-Hoc|ARM64.Build.0 = Release|Any CPU
		{D6E42518-091C-4CDE-991D-8E1A047ACC73}.Ad-Hoc|iPhone.ActiveCfg = Debug|Any CPU
		{D6E42518-091C-4CDE-991D-8E1A047ACC73}.Ad-Hoc|iPhone.Build.0 = Debug|Any CPU
		{D6E42518-091C-4CDE-991D-8E1A047ACC73}.Ad-Hoc|iPhone.Deploy.0 = Debug|Any CPU
		{D6E42518-091C-4CDE-991D-8E1A047ACC73}.Ad-Hoc|iPhoneSimulator.ActiveCfg = Debug|Any CPU
		{D6E42518-091C-4CDE-991D-8E1A047ACC73}.Ad-Hoc|iPhoneSimulator.Build.0 = Debug|Any CPU
		{D6E42518-091C-4CDE-991D-8E1A047ACC73}.Ad-Hoc|iPhoneSimulator.Deploy.0 = Debug|Any CPU
		{D6E42518-091C-4CDE-991D-8E1A047ACC73}.Ad-Hoc|x64.ActiveCfg = Debug|Any CPU
		{D6E42518-091C-4CDE-991D-8E1A047ACC73}.Ad-Hoc|x64.Build.0 = Debug|Any CPU
		{D6E42518-091C-4CDE-991D-8E1A047ACC73}.Ad-Hoc|x64.Deploy.0 = Debug|Any CPU
		{D6E42518-091C-4CDE-991D-8E1A047ACC73}.Ad-Hoc|x86.ActiveCfg = Debug|Any CPU
		{D6E42518-091C-4CDE-991D-8E1A047ACC73}.Ad-Hoc|x86.Build.0 = Debug|Any CPU
		{D6E42518-091C-4CDE-991D-8E1A047ACC73}.Ad-Hoc|x86.Deploy.0 = Debug|Any CPU
		{D6E42518-091C-4CDE-991D-8E1A047ACC73}.AppStore|Any CPU.ActiveCfg = Debug|Any CPU
		{D6E42518-091C-4CDE-991D-8E1A047ACC73}.AppStore|Any CPU.Build.0 = Debug|Any CPU
		{D6E42518-091C-4CDE-991D-8E1A047ACC73}.AppStore|Any CPU.Deploy.0 = Debug|Any CPU
		{D6E42518-091C-4CDE-991D-8E1A047ACC73}.AppStore|ARM.ActiveCfg = Debug|Any CPU
		{D6E42518-091C-4CDE-991D-8E1A047ACC73}.AppStore|ARM.Build.0 = Debug|Any CPU
		{D6E42518-091C-4CDE-991D-8E1A047ACC73}.AppStore|ARM.Deploy.0 = Debug|Any CPU
		{D6E42518-091C-4CDE-991D-8E1A047ACC73}.AppStore|ARM64.ActiveCfg = Release|Any CPU
		{D6E42518-091C-4CDE-991D-8E1A047ACC73}.AppStore|ARM64.Build.0 = Release|Any CPU
		{D6E42518-091C-4CDE-991D-8E1A047ACC73}.AppStore|iPhone.ActiveCfg = Debug|Any CPU
		{D6E42518-091C-4CDE-991D-8E1A047ACC73}.AppStore|iPhone.Build.0 = Debug|Any CPU
		{D6E42518-091C-4CDE-991D-8E1A047ACC73}.AppStore|iPhone.Deploy.0 = Debug|Any CPU
		{D6E42518-091C-4CDE-991D-8E1A047ACC73}.AppStore|iPhoneSimulator.ActiveCfg = Debug|Any CPU
		{D6E42518-091C-4CDE-991D-8E1A047ACC73}.AppStore|iPhoneSimulator.Build.0 = Debug|Any CPU
		{D6E42518-091C-4CDE-991D-8E1A047ACC73}.AppStore|iPhoneSimulator.Deploy.0 = Debug|Any CPU
		{D6E42518-091C-4CDE-991D-8E1A047ACC73}.AppStore|x64.ActiveCfg = Debug|Any CPU
		{D6E42518-091C-4CDE-991D-8E1A047ACC73}.AppStore|x64.Build.0 = Debug|Any CPU
		{D6E42518-091C-4CDE-991D-8E1A047ACC73}.AppStore|x64.Deploy.0 = Debug|Any CPU
		{D6E42518-091C-4CDE-991D-8E1A047ACC73}.AppStore|x86.ActiveCfg = Debug|Any CPU
		{D6E42518-091C-4CDE-991D-8E1A047ACC73}.AppStore|x86.Build.0 = Debug|Any CPU
		{D6E42518-091C-4CDE-991D-8E1A047ACC73}.AppStore|x86.Deploy.0 = Debug|Any CPU
		{D6E42518-091C-4CDE-991D-8E1A047ACC73}.Debug|Any CPU.ActiveCfg = Debug|Any CPU
		{D6E42518-091C-4CDE-991D-8E1A047ACC73}.Debug|Any CPU.Build.0 = Debug|Any CPU
		{D6E42518-091C-4CDE-991D-8E1A047ACC73}.Debug|Any CPU.Deploy.0 = Debug|Any CPU
		{D6E42518-091C-4CDE-991D-8E1A047ACC73}.Debug|ARM.ActiveCfg = Debug|Any CPU
		{D6E42518-091C-4CDE-991D-8E1A047ACC73}.Debug|ARM.Build.0 = Debug|Any CPU
		{D6E42518-091C-4CDE-991D-8E1A047ACC73}.Debug|ARM.Deploy.0 = Debug|Any CPU
		{D6E42518-091C-4CDE-991D-8E1A047ACC73}.Debug|ARM64.ActiveCfg = Debug|Any CPU
		{D6E42518-091C-4CDE-991D-8E1A047ACC73}.Debug|ARM64.Build.0 = Debug|Any CPU
		{D6E42518-091C-4CDE-991D-8E1A047ACC73}.Debug|iPhone.ActiveCfg = Debug|Any CPU
		{D6E42518-091C-4CDE-991D-8E1A047ACC73}.Debug|iPhone.Build.0 = Debug|Any CPU
		{D6E42518-091C-4CDE-991D-8E1A047ACC73}.Debug|iPhone.Deploy.0 = Debug|Any CPU
		{D6E42518-091C-4CDE-991D-8E1A047ACC73}.Debug|iPhoneSimulator.ActiveCfg = Debug|Any CPU
		{D6E42518-091C-4CDE-991D-8E1A047ACC73}.Debug|iPhoneSimulator.Build.0 = Debug|Any CPU
		{D6E42518-091C-4CDE-991D-8E1A047ACC73}.Debug|iPhoneSimulator.Deploy.0 = Debug|Any CPU
		{D6E42518-091C-4CDE-991D-8E1A047ACC73}.Debug|x64.ActiveCfg = Debug|Any CPU
		{D6E42518-091C-4CDE-991D-8E1A047ACC73}.Debug|x64.Build.0 = Debug|Any CPU
		{D6E42518-091C-4CDE-991D-8E1A047ACC73}.Debug|x64.Deploy.0 = Debug|Any CPU
		{D6E42518-091C-4CDE-991D-8E1A047ACC73}.Debug|x86.ActiveCfg = Debug|Any CPU
		{D6E42518-091C-4CDE-991D-8E1A047ACC73}.Debug|x86.Build.0 = Debug|Any CPU
		{D6E42518-091C-4CDE-991D-8E1A047ACC73}.Debug|x86.Deploy.0 = Debug|Any CPU
		{D6E42518-091C-4CDE-991D-8E1A047ACC73}.Release|Any CPU.ActiveCfg = Release|Any CPU
		{D6E42518-091C-4CDE-991D-8E1A047ACC73}.Release|Any CPU.Build.0 = Release|Any CPU
		{D6E42518-091C-4CDE-991D-8E1A047ACC73}.Release|Any CPU.Deploy.0 = Release|Any CPU
		{D6E42518-091C-4CDE-991D-8E1A047ACC73}.Release|ARM.ActiveCfg = Release|Any CPU
		{D6E42518-091C-4CDE-991D-8E1A047ACC73}.Release|ARM.Build.0 = Release|Any CPU
		{D6E42518-091C-4CDE-991D-8E1A047ACC73}.Release|ARM.Deploy.0 = Release|Any CPU
		{D6E42518-091C-4CDE-991D-8E1A047ACC73}.Release|ARM64.ActiveCfg = Release|Any CPU
		{D6E42518-091C-4CDE-991D-8E1A047ACC73}.Release|ARM64.Build.0 = Release|Any CPU
		{D6E42518-091C-4CDE-991D-8E1A047ACC73}.Release|iPhone.ActiveCfg = Release|Any CPU
		{D6E42518-091C-4CDE-991D-8E1A047ACC73}.Release|iPhone.Build.0 = Release|Any CPU
		{D6E42518-091C-4CDE-991D-8E1A047ACC73}.Release|iPhone.Deploy.0 = Release|Any CPU
		{D6E42518-091C-4CDE-991D-8E1A047ACC73}.Release|iPhoneSimulator.ActiveCfg = Release|Any CPU
		{D6E42518-091C-4CDE-991D-8E1A047ACC73}.Release|iPhoneSimulator.Build.0 = Release|Any CPU
		{D6E42518-091C-4CDE-991D-8E1A047ACC73}.Release|iPhoneSimulator.Deploy.0 = Release|Any CPU
		{D6E42518-091C-4CDE-991D-8E1A047ACC73}.Release|x64.ActiveCfg = Release|Any CPU
		{D6E42518-091C-4CDE-991D-8E1A047ACC73}.Release|x64.Build.0 = Release|Any CPU
		{D6E42518-091C-4CDE-991D-8E1A047ACC73}.Release|x64.Deploy.0 = Release|Any CPU
		{D6E42518-091C-4CDE-991D-8E1A047ACC73}.Release|x86.ActiveCfg = Release|Any CPU
		{D6E42518-091C-4CDE-991D-8E1A047ACC73}.Release|x86.Build.0 = Release|Any CPU
		{D6E42518-091C-4CDE-991D-8E1A047ACC73}.Release|x86.Deploy.0 = Release|Any CPU
		{ECCEDD52-F4DB-4E72-BCF8-88DA0D3AB2C7}.Ad-Hoc|Any CPU.ActiveCfg = Ad-Hoc|iPhone
		{ECCEDD52-F4DB-4E72-BCF8-88DA0D3AB2C7}.Ad-Hoc|Any CPU.Build.0 = Ad-Hoc|iPhone
		{ECCEDD52-F4DB-4E72-BCF8-88DA0D3AB2C7}.Ad-Hoc|Any CPU.Deploy.0 = Ad-Hoc|iPhone
		{ECCEDD52-F4DB-4E72-BCF8-88DA0D3AB2C7}.Ad-Hoc|ARM.ActiveCfg = Ad-Hoc|iPhone
		{ECCEDD52-F4DB-4E72-BCF8-88DA0D3AB2C7}.Ad-Hoc|ARM.Build.0 = Ad-Hoc|iPhone
		{ECCEDD52-F4DB-4E72-BCF8-88DA0D3AB2C7}.Ad-Hoc|ARM.Deploy.0 = Ad-Hoc|iPhone
		{ECCEDD52-F4DB-4E72-BCF8-88DA0D3AB2C7}.Ad-Hoc|ARM64.ActiveCfg = Ad-Hoc|iPhoneSimulator
		{ECCEDD52-F4DB-4E72-BCF8-88DA0D3AB2C7}.Ad-Hoc|iPhone.ActiveCfg = Ad-Hoc|iPhone
		{ECCEDD52-F4DB-4E72-BCF8-88DA0D3AB2C7}.Ad-Hoc|iPhone.Build.0 = Ad-Hoc|iPhone
		{ECCEDD52-F4DB-4E72-BCF8-88DA0D3AB2C7}.Ad-Hoc|iPhone.Deploy.0 = Ad-Hoc|iPhone
		{ECCEDD52-F4DB-4E72-BCF8-88DA0D3AB2C7}.Ad-Hoc|iPhoneSimulator.ActiveCfg = Ad-Hoc|iPhoneSimulator
		{ECCEDD52-F4DB-4E72-BCF8-88DA0D3AB2C7}.Ad-Hoc|iPhoneSimulator.Build.0 = Ad-Hoc|iPhoneSimulator
		{ECCEDD52-F4DB-4E72-BCF8-88DA0D3AB2C7}.Ad-Hoc|iPhoneSimulator.Deploy.0 = Ad-Hoc|iPhoneSimulator
		{ECCEDD52-F4DB-4E72-BCF8-88DA0D3AB2C7}.Ad-Hoc|x64.ActiveCfg = Ad-Hoc|iPhone
		{ECCEDD52-F4DB-4E72-BCF8-88DA0D3AB2C7}.Ad-Hoc|x64.Build.0 = Ad-Hoc|iPhone
		{ECCEDD52-F4DB-4E72-BCF8-88DA0D3AB2C7}.Ad-Hoc|x64.Deploy.0 = Ad-Hoc|iPhone
		{ECCEDD52-F4DB-4E72-BCF8-88DA0D3AB2C7}.Ad-Hoc|x86.ActiveCfg = Ad-Hoc|iPhone
		{ECCEDD52-F4DB-4E72-BCF8-88DA0D3AB2C7}.Ad-Hoc|x86.Build.0 = Ad-Hoc|iPhone
		{ECCEDD52-F4DB-4E72-BCF8-88DA0D3AB2C7}.Ad-Hoc|x86.Deploy.0 = Ad-Hoc|iPhone
		{ECCEDD52-F4DB-4E72-BCF8-88DA0D3AB2C7}.AppStore|Any CPU.ActiveCfg = AppStore|iPhone
		{ECCEDD52-F4DB-4E72-BCF8-88DA0D3AB2C7}.AppStore|Any CPU.Build.0 = AppStore|iPhone
		{ECCEDD52-F4DB-4E72-BCF8-88DA0D3AB2C7}.AppStore|Any CPU.Deploy.0 = AppStore|iPhone
		{ECCEDD52-F4DB-4E72-BCF8-88DA0D3AB2C7}.AppStore|ARM.ActiveCfg = AppStore|iPhone
		{ECCEDD52-F4DB-4E72-BCF8-88DA0D3AB2C7}.AppStore|ARM.Build.0 = AppStore|iPhone
		{ECCEDD52-F4DB-4E72-BCF8-88DA0D3AB2C7}.AppStore|ARM.Deploy.0 = AppStore|iPhone
		{ECCEDD52-F4DB-4E72-BCF8-88DA0D3AB2C7}.AppStore|ARM64.ActiveCfg = AppStore|iPhoneSimulator
		{ECCEDD52-F4DB-4E72-BCF8-88DA0D3AB2C7}.AppStore|iPhone.ActiveCfg = AppStore|iPhone
		{ECCEDD52-F4DB-4E72-BCF8-88DA0D3AB2C7}.AppStore|iPhone.Build.0 = AppStore|iPhone
		{ECCEDD52-F4DB-4E72-BCF8-88DA0D3AB2C7}.AppStore|iPhone.Deploy.0 = AppStore|iPhone
		{ECCEDD52-F4DB-4E72-BCF8-88DA0D3AB2C7}.AppStore|iPhoneSimulator.ActiveCfg = AppStore|iPhoneSimulator
		{ECCEDD52-F4DB-4E72-BCF8-88DA0D3AB2C7}.AppStore|iPhoneSimulator.Build.0 = AppStore|iPhoneSimulator
		{ECCEDD52-F4DB-4E72-BCF8-88DA0D3AB2C7}.AppStore|iPhoneSimulator.Deploy.0 = AppStore|iPhoneSimulator
		{ECCEDD52-F4DB-4E72-BCF8-88DA0D3AB2C7}.AppStore|x64.ActiveCfg = AppStore|iPhone
		{ECCEDD52-F4DB-4E72-BCF8-88DA0D3AB2C7}.AppStore|x64.Build.0 = AppStore|iPhone
		{ECCEDD52-F4DB-4E72-BCF8-88DA0D3AB2C7}.AppStore|x64.Deploy.0 = AppStore|iPhone
		{ECCEDD52-F4DB-4E72-BCF8-88DA0D3AB2C7}.AppStore|x86.ActiveCfg = AppStore|iPhone
		{ECCEDD52-F4DB-4E72-BCF8-88DA0D3AB2C7}.AppStore|x86.Build.0 = AppStore|iPhone
		{ECCEDD52-F4DB-4E72-BCF8-88DA0D3AB2C7}.AppStore|x86.Deploy.0 = AppStore|iPhone
		{ECCEDD52-F4DB-4E72-BCF8-88DA0D3AB2C7}.Debug|Any CPU.ActiveCfg = Debug|iPhoneSimulator
		{ECCEDD52-F4DB-4E72-BCF8-88DA0D3AB2C7}.Debug|Any CPU.Build.0 = Debug|iPhoneSimulator
		{ECCEDD52-F4DB-4E72-BCF8-88DA0D3AB2C7}.Debug|Any CPU.Deploy.0 = Debug|iPhoneSimulator
		{ECCEDD52-F4DB-4E72-BCF8-88DA0D3AB2C7}.Debug|ARM.ActiveCfg = Debug|iPhone
		{ECCEDD52-F4DB-4E72-BCF8-88DA0D3AB2C7}.Debug|ARM.Build.0 = Debug|iPhone
		{ECCEDD52-F4DB-4E72-BCF8-88DA0D3AB2C7}.Debug|ARM.Deploy.0 = Debug|iPhone
		{ECCEDD52-F4DB-4E72-BCF8-88DA0D3AB2C7}.Debug|ARM64.ActiveCfg = Debug|iPhone
		{ECCEDD52-F4DB-4E72-BCF8-88DA0D3AB2C7}.Debug|iPhone.ActiveCfg = Debug|iPhone
		{ECCEDD52-F4DB-4E72-BCF8-88DA0D3AB2C7}.Debug|iPhone.Build.0 = Debug|iPhone
		{ECCEDD52-F4DB-4E72-BCF8-88DA0D3AB2C7}.Debug|iPhone.Deploy.0 = Debug|iPhone
		{ECCEDD52-F4DB-4E72-BCF8-88DA0D3AB2C7}.Debug|iPhoneSimulator.ActiveCfg = Debug|iPhoneSimulator
		{ECCEDD52-F4DB-4E72-BCF8-88DA0D3AB2C7}.Debug|iPhoneSimulator.Build.0 = Debug|iPhoneSimulator
		{ECCEDD52-F4DB-4E72-BCF8-88DA0D3AB2C7}.Debug|iPhoneSimulator.Deploy.0 = Debug|iPhoneSimulator
		{ECCEDD52-F4DB-4E72-BCF8-88DA0D3AB2C7}.Debug|x64.ActiveCfg = Debug|iPhone
		{ECCEDD52-F4DB-4E72-BCF8-88DA0D3AB2C7}.Debug|x64.Build.0 = Debug|iPhone
		{ECCEDD52-F4DB-4E72-BCF8-88DA0D3AB2C7}.Debug|x64.Deploy.0 = Debug|iPhone
		{ECCEDD52-F4DB-4E72-BCF8-88DA0D3AB2C7}.Debug|x86.ActiveCfg = Debug|iPhone
		{ECCEDD52-F4DB-4E72-BCF8-88DA0D3AB2C7}.Debug|x86.Build.0 = Debug|iPhone
		{ECCEDD52-F4DB-4E72-BCF8-88DA0D3AB2C7}.Debug|x86.Deploy.0 = Debug|iPhone
		{ECCEDD52-F4DB-4E72-BCF8-88DA0D3AB2C7}.Release|Any CPU.ActiveCfg = Release|iPhone
		{ECCEDD52-F4DB-4E72-BCF8-88DA0D3AB2C7}.Release|Any CPU.Build.0 = Release|iPhone
		{ECCEDD52-F4DB-4E72-BCF8-88DA0D3AB2C7}.Release|Any CPU.Deploy.0 = Release|iPhone
		{ECCEDD52-F4DB-4E72-BCF8-88DA0D3AB2C7}.Release|ARM.ActiveCfg = Release|iPhone
		{ECCEDD52-F4DB-4E72-BCF8-88DA0D3AB2C7}.Release|ARM.Build.0 = Release|iPhone
		{ECCEDD52-F4DB-4E72-BCF8-88DA0D3AB2C7}.Release|ARM.Deploy.0 = Release|iPhone
		{ECCEDD52-F4DB-4E72-BCF8-88DA0D3AB2C7}.Release|ARM64.ActiveCfg = Release|iPhoneSimulator
		{ECCEDD52-F4DB-4E72-BCF8-88DA0D3AB2C7}.Release|iPhone.ActiveCfg = Release|iPhone
		{ECCEDD52-F4DB-4E72-BCF8-88DA0D3AB2C7}.Release|iPhone.Build.0 = Release|iPhone
		{ECCEDD52-F4DB-4E72-BCF8-88DA0D3AB2C7}.Release|iPhone.Deploy.0 = Release|iPhone
		{ECCEDD52-F4DB-4E72-BCF8-88DA0D3AB2C7}.Release|iPhoneSimulator.ActiveCfg = Release|iPhoneSimulator
		{ECCEDD52-F4DB-4E72-BCF8-88DA0D3AB2C7}.Release|iPhoneSimulator.Build.0 = Release|iPhoneSimulator
		{ECCEDD52-F4DB-4E72-BCF8-88DA0D3AB2C7}.Release|iPhoneSimulator.Deploy.0 = Release|iPhoneSimulator
		{ECCEDD52-F4DB-4E72-BCF8-88DA0D3AB2C7}.Release|x64.ActiveCfg = Release|iPhone
		{ECCEDD52-F4DB-4E72-BCF8-88DA0D3AB2C7}.Release|x64.Build.0 = Release|iPhone
		{ECCEDD52-F4DB-4E72-BCF8-88DA0D3AB2C7}.Release|x64.Deploy.0 = Release|iPhone
		{ECCEDD52-F4DB-4E72-BCF8-88DA0D3AB2C7}.Release|x86.ActiveCfg = Release|iPhone
		{ECCEDD52-F4DB-4E72-BCF8-88DA0D3AB2C7}.Release|x86.Build.0 = Release|iPhone
		{ECCEDD52-F4DB-4E72-BCF8-88DA0D3AB2C7}.Release|x86.Deploy.0 = Release|iPhone
		{496ACFD0-2FDC-4939-AF4F-CE8C19160483}.Ad-Hoc|Any CPU.ActiveCfg = Release|Any CPU
		{496ACFD0-2FDC-4939-AF4F-CE8C19160483}.Ad-Hoc|Any CPU.Build.0 = Release|Any CPU
		{496ACFD0-2FDC-4939-AF4F-CE8C19160483}.Ad-Hoc|Any CPU.Deploy.0 = Release|Any CPU
		{496ACFD0-2FDC-4939-AF4F-CE8C19160483}.Ad-Hoc|ARM.ActiveCfg = Release|Any CPU
		{496ACFD0-2FDC-4939-AF4F-CE8C19160483}.Ad-Hoc|ARM.Build.0 = Release|Any CPU
		{496ACFD0-2FDC-4939-AF4F-CE8C19160483}.Ad-Hoc|ARM.Deploy.0 = Release|Any CPU
		{496ACFD0-2FDC-4939-AF4F-CE8C19160483}.Ad-Hoc|ARM64.ActiveCfg = Debug|Any CPU
		{496ACFD0-2FDC-4939-AF4F-CE8C19160483}.Ad-Hoc|ARM64.Build.0 = Debug|Any CPU
		{496ACFD0-2FDC-4939-AF4F-CE8C19160483}.Ad-Hoc|ARM64.Deploy.0 = Debug|Any CPU
		{496ACFD0-2FDC-4939-AF4F-CE8C19160483}.Ad-Hoc|iPhone.ActiveCfg = Release|Any CPU
		{496ACFD0-2FDC-4939-AF4F-CE8C19160483}.Ad-Hoc|iPhone.Build.0 = Release|Any CPU
		{496ACFD0-2FDC-4939-AF4F-CE8C19160483}.Ad-Hoc|iPhone.Deploy.0 = Release|Any CPU
		{496ACFD0-2FDC-4939-AF4F-CE8C19160483}.Ad-Hoc|iPhoneSimulator.ActiveCfg = Release|Any CPU
		{496ACFD0-2FDC-4939-AF4F-CE8C19160483}.Ad-Hoc|iPhoneSimulator.Build.0 = Release|Any CPU
		{496ACFD0-2FDC-4939-AF4F-CE8C19160483}.Ad-Hoc|iPhoneSimulator.Deploy.0 = Release|Any CPU
		{496ACFD0-2FDC-4939-AF4F-CE8C19160483}.Ad-Hoc|x64.ActiveCfg = Release|Any CPU
		{496ACFD0-2FDC-4939-AF4F-CE8C19160483}.Ad-Hoc|x64.Build.0 = Release|Any CPU
		{496ACFD0-2FDC-4939-AF4F-CE8C19160483}.Ad-Hoc|x64.Deploy.0 = Release|Any CPU
		{496ACFD0-2FDC-4939-AF4F-CE8C19160483}.Ad-Hoc|x86.ActiveCfg = Release|Any CPU
		{496ACFD0-2FDC-4939-AF4F-CE8C19160483}.Ad-Hoc|x86.Build.0 = Release|Any CPU
		{496ACFD0-2FDC-4939-AF4F-CE8C19160483}.Ad-Hoc|x86.Deploy.0 = Release|Any CPU
		{496ACFD0-2FDC-4939-AF4F-CE8C19160483}.AppStore|Any CPU.ActiveCfg = Release|Any CPU
		{496ACFD0-2FDC-4939-AF4F-CE8C19160483}.AppStore|Any CPU.Build.0 = Release|Any CPU
		{496ACFD0-2FDC-4939-AF4F-CE8C19160483}.AppStore|Any CPU.Deploy.0 = Release|Any CPU
		{496ACFD0-2FDC-4939-AF4F-CE8C19160483}.AppStore|ARM.ActiveCfg = Release|Any CPU
		{496ACFD0-2FDC-4939-AF4F-CE8C19160483}.AppStore|ARM.Build.0 = Release|Any CPU
		{496ACFD0-2FDC-4939-AF4F-CE8C19160483}.AppStore|ARM.Deploy.0 = Release|Any CPU
		{496ACFD0-2FDC-4939-AF4F-CE8C19160483}.AppStore|ARM64.ActiveCfg = Debug|Any CPU
		{496ACFD0-2FDC-4939-AF4F-CE8C19160483}.AppStore|ARM64.Build.0 = Debug|Any CPU
		{496ACFD0-2FDC-4939-AF4F-CE8C19160483}.AppStore|ARM64.Deploy.0 = Debug|Any CPU
		{496ACFD0-2FDC-4939-AF4F-CE8C19160483}.AppStore|iPhone.ActiveCfg = Release|Any CPU
		{496ACFD0-2FDC-4939-AF4F-CE8C19160483}.AppStore|iPhone.Build.0 = Release|Any CPU
		{496ACFD0-2FDC-4939-AF4F-CE8C19160483}.AppStore|iPhone.Deploy.0 = Release|Any CPU
		{496ACFD0-2FDC-4939-AF4F-CE8C19160483}.AppStore|iPhoneSimulator.ActiveCfg = Release|Any CPU
		{496ACFD0-2FDC-4939-AF4F-CE8C19160483}.AppStore|iPhoneSimulator.Build.0 = Release|Any CPU
		{496ACFD0-2FDC-4939-AF4F-CE8C19160483}.AppStore|iPhoneSimulator.Deploy.0 = Release|Any CPU
		{496ACFD0-2FDC-4939-AF4F-CE8C19160483}.AppStore|x64.ActiveCfg = Release|Any CPU
		{496ACFD0-2FDC-4939-AF4F-CE8C19160483}.AppStore|x64.Build.0 = Release|Any CPU
		{496ACFD0-2FDC-4939-AF4F-CE8C19160483}.AppStore|x64.Deploy.0 = Release|Any CPU
		{496ACFD0-2FDC-4939-AF4F-CE8C19160483}.AppStore|x86.ActiveCfg = Release|Any CPU
		{496ACFD0-2FDC-4939-AF4F-CE8C19160483}.AppStore|x86.Build.0 = Release|Any CPU
		{496ACFD0-2FDC-4939-AF4F-CE8C19160483}.AppStore|x86.Deploy.0 = Release|Any CPU
		{496ACFD0-2FDC-4939-AF4F-CE8C19160483}.Debug|Any CPU.ActiveCfg = Debug|Any CPU
		{496ACFD0-2FDC-4939-AF4F-CE8C19160483}.Debug|Any CPU.Build.0 = Debug|Any CPU
		{496ACFD0-2FDC-4939-AF4F-CE8C19160483}.Debug|Any CPU.Deploy.0 = Debug|Any CPU
		{496ACFD0-2FDC-4939-AF4F-CE8C19160483}.Debug|ARM.ActiveCfg = Debug|Any CPU
		{496ACFD0-2FDC-4939-AF4F-CE8C19160483}.Debug|ARM.Build.0 = Debug|Any CPU
		{496ACFD0-2FDC-4939-AF4F-CE8C19160483}.Debug|ARM.Deploy.0 = Debug|Any CPU
		{496ACFD0-2FDC-4939-AF4F-CE8C19160483}.Debug|ARM64.ActiveCfg = Debug|Any CPU
		{496ACFD0-2FDC-4939-AF4F-CE8C19160483}.Debug|ARM64.Build.0 = Debug|Any CPU
		{496ACFD0-2FDC-4939-AF4F-CE8C19160483}.Debug|ARM64.Deploy.0 = Debug|Any CPU
		{496ACFD0-2FDC-4939-AF4F-CE8C19160483}.Debug|iPhone.ActiveCfg = Debug|Any CPU
		{496ACFD0-2FDC-4939-AF4F-CE8C19160483}.Debug|iPhone.Build.0 = Debug|Any CPU
		{496ACFD0-2FDC-4939-AF4F-CE8C19160483}.Debug|iPhone.Deploy.0 = Debug|Any CPU
		{496ACFD0-2FDC-4939-AF4F-CE8C19160483}.Debug|iPhoneSimulator.ActiveCfg = Debug|Any CPU
		{496ACFD0-2FDC-4939-AF4F-CE8C19160483}.Debug|iPhoneSimulator.Build.0 = Debug|Any CPU
		{496ACFD0-2FDC-4939-AF4F-CE8C19160483}.Debug|iPhoneSimulator.Deploy.0 = Debug|Any CPU
		{496ACFD0-2FDC-4939-AF4F-CE8C19160483}.Debug|x64.ActiveCfg = Debug|Any CPU
		{496ACFD0-2FDC-4939-AF4F-CE8C19160483}.Debug|x64.Build.0 = Debug|Any CPU
		{496ACFD0-2FDC-4939-AF4F-CE8C19160483}.Debug|x64.Deploy.0 = Debug|Any CPU
		{496ACFD0-2FDC-4939-AF4F-CE8C19160483}.Debug|x86.ActiveCfg = Debug|Any CPU
		{496ACFD0-2FDC-4939-AF4F-CE8C19160483}.Debug|x86.Build.0 = Debug|Any CPU
		{496ACFD0-2FDC-4939-AF4F-CE8C19160483}.Debug|x86.Deploy.0 = Debug|Any CPU
		{496ACFD0-2FDC-4939-AF4F-CE8C19160483}.Release|Any CPU.ActiveCfg = Release|Any CPU
		{496ACFD0-2FDC-4939-AF4F-CE8C19160483}.Release|Any CPU.Build.0 = Release|Any CPU
		{496ACFD0-2FDC-4939-AF4F-CE8C19160483}.Release|Any CPU.Deploy.0 = Release|Any CPU
		{496ACFD0-2FDC-4939-AF4F-CE8C19160483}.Release|ARM.ActiveCfg = Release|Any CPU
		{496ACFD0-2FDC-4939-AF4F-CE8C19160483}.Release|ARM.Build.0 = Release|Any CPU
		{496ACFD0-2FDC-4939-AF4F-CE8C19160483}.Release|ARM.Deploy.0 = Release|Any CPU
		{496ACFD0-2FDC-4939-AF4F-CE8C19160483}.Release|ARM64.ActiveCfg = Release|Any CPU
		{496ACFD0-2FDC-4939-AF4F-CE8C19160483}.Release|ARM64.Build.0 = Release|Any CPU
		{496ACFD0-2FDC-4939-AF4F-CE8C19160483}.Release|ARM64.Deploy.0 = Release|Any CPU
		{496ACFD0-2FDC-4939-AF4F-CE8C19160483}.Release|iPhone.ActiveCfg = Release|Any CPU
		{496ACFD0-2FDC-4939-AF4F-CE8C19160483}.Release|iPhone.Build.0 = Release|Any CPU
		{496ACFD0-2FDC-4939-AF4F-CE8C19160483}.Release|iPhone.Deploy.0 = Release|Any CPU
		{496ACFD0-2FDC-4939-AF4F-CE8C19160483}.Release|iPhoneSimulator.ActiveCfg = Release|Any CPU
		{496ACFD0-2FDC-4939-AF4F-CE8C19160483}.Release|iPhoneSimulator.Build.0 = Release|Any CPU
		{496ACFD0-2FDC-4939-AF4F-CE8C19160483}.Release|iPhoneSimulator.Deploy.0 = Release|Any CPU
		{496ACFD0-2FDC-4939-AF4F-CE8C19160483}.Release|x64.ActiveCfg = Release|Any CPU
		{496ACFD0-2FDC-4939-AF4F-CE8C19160483}.Release|x64.Build.0 = Release|Any CPU
		{496ACFD0-2FDC-4939-AF4F-CE8C19160483}.Release|x64.Deploy.0 = Release|Any CPU
		{496ACFD0-2FDC-4939-AF4F-CE8C19160483}.Release|x86.ActiveCfg = Release|Any CPU
		{496ACFD0-2FDC-4939-AF4F-CE8C19160483}.Release|x86.Build.0 = Release|Any CPU
		{496ACFD0-2FDC-4939-AF4F-CE8C19160483}.Release|x86.Deploy.0 = Release|Any CPU
		{87A816DF-580D-4370-8345-52928D35777D}.Ad-Hoc|Any CPU.ActiveCfg = Release|x86
		{87A816DF-580D-4370-8345-52928D35777D}.Ad-Hoc|Any CPU.Build.0 = Release|x86
		{87A816DF-580D-4370-8345-52928D35777D}.Ad-Hoc|Any CPU.Deploy.0 = Release|x86
		{87A816DF-580D-4370-8345-52928D35777D}.Ad-Hoc|ARM.ActiveCfg = Release|ARM
		{87A816DF-580D-4370-8345-52928D35777D}.Ad-Hoc|ARM.Build.0 = Release|ARM
		{87A816DF-580D-4370-8345-52928D35777D}.Ad-Hoc|ARM.Deploy.0 = Release|ARM
		{87A816DF-580D-4370-8345-52928D35777D}.Ad-Hoc|ARM64.ActiveCfg = Debug|x64
		{87A816DF-580D-4370-8345-52928D35777D}.Ad-Hoc|iPhone.ActiveCfg = Release|x86
		{87A816DF-580D-4370-8345-52928D35777D}.Ad-Hoc|iPhone.Build.0 = Release|x86
		{87A816DF-580D-4370-8345-52928D35777D}.Ad-Hoc|iPhone.Deploy.0 = Release|x86
		{87A816DF-580D-4370-8345-52928D35777D}.Ad-Hoc|iPhoneSimulator.ActiveCfg = Release|x86
		{87A816DF-580D-4370-8345-52928D35777D}.Ad-Hoc|iPhoneSimulator.Build.0 = Release|x86
		{87A816DF-580D-4370-8345-52928D35777D}.Ad-Hoc|iPhoneSimulator.Deploy.0 = Release|x86
		{87A816DF-580D-4370-8345-52928D35777D}.Ad-Hoc|x64.ActiveCfg = Release|x64
		{87A816DF-580D-4370-8345-52928D35777D}.Ad-Hoc|x64.Build.0 = Release|x64
		{87A816DF-580D-4370-8345-52928D35777D}.Ad-Hoc|x64.Deploy.0 = Release|x64
		{87A816DF-580D-4370-8345-52928D35777D}.Ad-Hoc|x86.ActiveCfg = Release|x86
		{87A816DF-580D-4370-8345-52928D35777D}.Ad-Hoc|x86.Build.0 = Release|x86
		{87A816DF-580D-4370-8345-52928D35777D}.Ad-Hoc|x86.Deploy.0 = Release|x86
		{87A816DF-580D-4370-8345-52928D35777D}.AppStore|Any CPU.ActiveCfg = Release|x86
		{87A816DF-580D-4370-8345-52928D35777D}.AppStore|Any CPU.Build.0 = Release|x86
		{87A816DF-580D-4370-8345-52928D35777D}.AppStore|Any CPU.Deploy.0 = Release|x86
		{87A816DF-580D-4370-8345-52928D35777D}.AppStore|ARM.ActiveCfg = Release|ARM
		{87A816DF-580D-4370-8345-52928D35777D}.AppStore|ARM.Build.0 = Release|ARM
		{87A816DF-580D-4370-8345-52928D35777D}.AppStore|ARM.Deploy.0 = Release|ARM
		{87A816DF-580D-4370-8345-52928D35777D}.AppStore|ARM64.ActiveCfg = Debug|x64
		{87A816DF-580D-4370-8345-52928D35777D}.AppStore|iPhone.ActiveCfg = Release|x86
		{87A816DF-580D-4370-8345-52928D35777D}.AppStore|iPhone.Build.0 = Release|x86
		{87A816DF-580D-4370-8345-52928D35777D}.AppStore|iPhone.Deploy.0 = Release|x86
		{87A816DF-580D-4370-8345-52928D35777D}.AppStore|iPhoneSimulator.ActiveCfg = Release|x86
		{87A816DF-580D-4370-8345-52928D35777D}.AppStore|iPhoneSimulator.Build.0 = Release|x86
		{87A816DF-580D-4370-8345-52928D35777D}.AppStore|iPhoneSimulator.Deploy.0 = Release|x86
		{87A816DF-580D-4370-8345-52928D35777D}.AppStore|x64.ActiveCfg = Release|x64
		{87A816DF-580D-4370-8345-52928D35777D}.AppStore|x64.Build.0 = Release|x64
		{87A816DF-580D-4370-8345-52928D35777D}.AppStore|x64.Deploy.0 = Release|x64
		{87A816DF-580D-4370-8345-52928D35777D}.AppStore|x86.ActiveCfg = Release|x86
		{87A816DF-580D-4370-8345-52928D35777D}.AppStore|x86.Build.0 = Release|x86
		{87A816DF-580D-4370-8345-52928D35777D}.AppStore|x86.Deploy.0 = Release|x86
		{87A816DF-580D-4370-8345-52928D35777D}.Debug|Any CPU.ActiveCfg = Debug|x86
		{87A816DF-580D-4370-8345-52928D35777D}.Debug|Any CPU.Build.0 = Debug|x86
		{87A816DF-580D-4370-8345-52928D35777D}.Debug|Any CPU.Deploy.0 = Debug|x86
		{87A816DF-580D-4370-8345-52928D35777D}.Debug|ARM.ActiveCfg = Debug|ARM
		{87A816DF-580D-4370-8345-52928D35777D}.Debug|ARM.Build.0 = Debug|ARM
		{87A816DF-580D-4370-8345-52928D35777D}.Debug|ARM.Deploy.0 = Debug|ARM
		{87A816DF-580D-4370-8345-52928D35777D}.Debug|ARM64.ActiveCfg = Debug|x86
		{87A816DF-580D-4370-8345-52928D35777D}.Debug|iPhone.ActiveCfg = Debug|x86
		{87A816DF-580D-4370-8345-52928D35777D}.Debug|iPhone.Build.0 = Debug|x86
		{87A816DF-580D-4370-8345-52928D35777D}.Debug|iPhone.Deploy.0 = Debug|x86
		{87A816DF-580D-4370-8345-52928D35777D}.Debug|iPhoneSimulator.ActiveCfg = Debug|x86
		{87A816DF-580D-4370-8345-52928D35777D}.Debug|iPhoneSimulator.Build.0 = Debug|x86
		{87A816DF-580D-4370-8345-52928D35777D}.Debug|iPhoneSimulator.Deploy.0 = Debug|x86
		{87A816DF-580D-4370-8345-52928D35777D}.Debug|x64.ActiveCfg = Debug|x64
		{87A816DF-580D-4370-8345-52928D35777D}.Debug|x64.Build.0 = Debug|x64
		{87A816DF-580D-4370-8345-52928D35777D}.Debug|x64.Deploy.0 = Debug|x64
		{87A816DF-580D-4370-8345-52928D35777D}.Debug|x86.ActiveCfg = Debug|x86
		{87A816DF-580D-4370-8345-52928D35777D}.Debug|x86.Build.0 = Debug|x86
		{87A816DF-580D-4370-8345-52928D35777D}.Debug|x86.Deploy.0 = Debug|x86
		{87A816DF-580D-4370-8345-52928D35777D}.Release|Any CPU.ActiveCfg = Release|x86
		{87A816DF-580D-4370-8345-52928D35777D}.Release|Any CPU.Build.0 = Release|x86
		{87A816DF-580D-4370-8345-52928D35777D}.Release|Any CPU.Deploy.0 = Release|x86
		{87A816DF-580D-4370-8345-52928D35777D}.Release|ARM.ActiveCfg = Release|ARM
		{87A816DF-580D-4370-8345-52928D35777D}.Release|ARM.Build.0 = Release|ARM
		{87A816DF-580D-4370-8345-52928D35777D}.Release|ARM.Deploy.0 = Release|ARM
		{87A816DF-580D-4370-8345-52928D35777D}.Release|ARM64.ActiveCfg = Release|x86
		{87A816DF-580D-4370-8345-52928D35777D}.Release|iPhone.ActiveCfg = Release|x86
		{87A816DF-580D-4370-8345-52928D35777D}.Release|iPhone.Build.0 = Release|x86
		{87A816DF-580D-4370-8345-52928D35777D}.Release|iPhone.Deploy.0 = Release|x86
		{87A816DF-580D-4370-8345-52928D35777D}.Release|iPhoneSimulator.ActiveCfg = Release|x86
		{87A816DF-580D-4370-8345-52928D35777D}.Release|iPhoneSimulator.Build.0 = Release|x86
		{87A816DF-580D-4370-8345-52928D35777D}.Release|iPhoneSimulator.Deploy.0 = Release|x86
		{87A816DF-580D-4370-8345-52928D35777D}.Release|x64.ActiveCfg = Release|x64
		{87A816DF-580D-4370-8345-52928D35777D}.Release|x64.Build.0 = Release|x64
		{87A816DF-580D-4370-8345-52928D35777D}.Release|x64.Deploy.0 = Release|x64
		{87A816DF-580D-4370-8345-52928D35777D}.Release|x86.ActiveCfg = Release|x86
		{87A816DF-580D-4370-8345-52928D35777D}.Release|x86.Build.0 = Release|x86
		{87A816DF-580D-4370-8345-52928D35777D}.Release|x86.Deploy.0 = Release|x86
		{F94F9E8A-E239-45EA-9C61-C7855C8B6F25}.Ad-Hoc|Any CPU.ActiveCfg = Debug|Any CPU
		{F94F9E8A-E239-45EA-9C61-C7855C8B6F25}.Ad-Hoc|Any CPU.Build.0 = Debug|Any CPU
		{F94F9E8A-E239-45EA-9C61-C7855C8B6F25}.Ad-Hoc|ARM.ActiveCfg = Debug|Any CPU
		{F94F9E8A-E239-45EA-9C61-C7855C8B6F25}.Ad-Hoc|ARM.Build.0 = Debug|Any CPU
		{F94F9E8A-E239-45EA-9C61-C7855C8B6F25}.Ad-Hoc|ARM64.ActiveCfg = Debug|Any CPU
		{F94F9E8A-E239-45EA-9C61-C7855C8B6F25}.Ad-Hoc|ARM64.Build.0 = Debug|Any CPU
		{F94F9E8A-E239-45EA-9C61-C7855C8B6F25}.Ad-Hoc|iPhone.ActiveCfg = Debug|Any CPU
		{F94F9E8A-E239-45EA-9C61-C7855C8B6F25}.Ad-Hoc|iPhone.Build.0 = Debug|Any CPU
		{F94F9E8A-E239-45EA-9C61-C7855C8B6F25}.Ad-Hoc|iPhoneSimulator.ActiveCfg = Debug|Any CPU
		{F94F9E8A-E239-45EA-9C61-C7855C8B6F25}.Ad-Hoc|iPhoneSimulator.Build.0 = Debug|Any CPU
		{F94F9E8A-E239-45EA-9C61-C7855C8B6F25}.Ad-Hoc|x64.ActiveCfg = Debug|Any CPU
		{F94F9E8A-E239-45EA-9C61-C7855C8B6F25}.Ad-Hoc|x64.Build.0 = Debug|Any CPU
		{F94F9E8A-E239-45EA-9C61-C7855C8B6F25}.Ad-Hoc|x86.ActiveCfg = Debug|Any CPU
		{F94F9E8A-E239-45EA-9C61-C7855C8B6F25}.Ad-Hoc|x86.Build.0 = Debug|Any CPU
		{F94F9E8A-E239-45EA-9C61-C7855C8B6F25}.AppStore|Any CPU.ActiveCfg = Debug|Any CPU
		{F94F9E8A-E239-45EA-9C61-C7855C8B6F25}.AppStore|Any CPU.Build.0 = Debug|Any CPU
		{F94F9E8A-E239-45EA-9C61-C7855C8B6F25}.AppStore|ARM.ActiveCfg = Debug|Any CPU
		{F94F9E8A-E239-45EA-9C61-C7855C8B6F25}.AppStore|ARM.Build.0 = Debug|Any CPU
		{F94F9E8A-E239-45EA-9C61-C7855C8B6F25}.AppStore|ARM64.ActiveCfg = Debug|Any CPU
		{F94F9E8A-E239-45EA-9C61-C7855C8B6F25}.AppStore|ARM64.Build.0 = Debug|Any CPU
		{F94F9E8A-E239-45EA-9C61-C7855C8B6F25}.AppStore|iPhone.ActiveCfg = Debug|Any CPU
		{F94F9E8A-E239-45EA-9C61-C7855C8B6F25}.AppStore|iPhone.Build.0 = Debug|Any CPU
		{F94F9E8A-E239-45EA-9C61-C7855C8B6F25}.AppStore|iPhoneSimulator.ActiveCfg = Debug|Any CPU
		{F94F9E8A-E239-45EA-9C61-C7855C8B6F25}.AppStore|iPhoneSimulator.Build.0 = Debug|Any CPU
		{F94F9E8A-E239-45EA-9C61-C7855C8B6F25}.AppStore|x64.ActiveCfg = Debug|Any CPU
		{F94F9E8A-E239-45EA-9C61-C7855C8B6F25}.AppStore|x64.Build.0 = Debug|Any CPU
		{F94F9E8A-E239-45EA-9C61-C7855C8B6F25}.AppStore|x86.ActiveCfg = Debug|Any CPU
		{F94F9E8A-E239-45EA-9C61-C7855C8B6F25}.AppStore|x86.Build.0 = Debug|Any CPU
		{F94F9E8A-E239-45EA-9C61-C7855C8B6F25}.Debug|Any CPU.ActiveCfg = Debug|Any CPU
		{F94F9E8A-E239-45EA-9C61-C7855C8B6F25}.Debug|Any CPU.Build.0 = Debug|Any CPU
		{F94F9E8A-E239-45EA-9C61-C7855C8B6F25}.Debug|ARM.ActiveCfg = Debug|Any CPU
		{F94F9E8A-E239-45EA-9C61-C7855C8B6F25}.Debug|ARM.Build.0 = Debug|Any CPU
		{F94F9E8A-E239-45EA-9C61-C7855C8B6F25}.Debug|ARM64.ActiveCfg = Debug|Any CPU
		{F94F9E8A-E239-45EA-9C61-C7855C8B6F25}.Debug|ARM64.Build.0 = Debug|Any CPU
		{F94F9E8A-E239-45EA-9C61-C7855C8B6F25}.Debug|iPhone.ActiveCfg = Debug|Any CPU
		{F94F9E8A-E239-45EA-9C61-C7855C8B6F25}.Debug|iPhone.Build.0 = Debug|Any CPU
		{F94F9E8A-E239-45EA-9C61-C7855C8B6F25}.Debug|iPhoneSimulator.ActiveCfg = Debug|Any CPU
		{F94F9E8A-E239-45EA-9C61-C7855C8B6F25}.Debug|iPhoneSimulator.Build.0 = Debug|Any CPU
		{F94F9E8A-E239-45EA-9C61-C7855C8B6F25}.Debug|x64.ActiveCfg = Debug|Any CPU
		{F94F9E8A-E239-45EA-9C61-C7855C8B6F25}.Debug|x64.Build.0 = Debug|Any CPU
		{F94F9E8A-E239-45EA-9C61-C7855C8B6F25}.Debug|x86.ActiveCfg = Debug|Any CPU
		{F94F9E8A-E239-45EA-9C61-C7855C8B6F25}.Debug|x86.Build.0 = Debug|Any CPU
		{F94F9E8A-E239-45EA-9C61-C7855C8B6F25}.Release|Any CPU.ActiveCfg = Release|Any CPU
		{F94F9E8A-E239-45EA-9C61-C7855C8B6F25}.Release|Any CPU.Build.0 = Release|Any CPU
		{F94F9E8A-E239-45EA-9C61-C7855C8B6F25}.Release|ARM.ActiveCfg = Release|Any CPU
		{F94F9E8A-E239-45EA-9C61-C7855C8B6F25}.Release|ARM.Build.0 = Release|Any CPU
		{F94F9E8A-E239-45EA-9C61-C7855C8B6F25}.Release|ARM64.ActiveCfg = Release|Any CPU
		{F94F9E8A-E239-45EA-9C61-C7855C8B6F25}.Release|ARM64.Build.0 = Release|Any CPU
		{F94F9E8A-E239-45EA-9C61-C7855C8B6F25}.Release|iPhone.ActiveCfg = Release|Any CPU
		{F94F9E8A-E239-45EA-9C61-C7855C8B6F25}.Release|iPhone.Build.0 = Release|Any CPU
		{F94F9E8A-E239-45EA-9C61-C7855C8B6F25}.Release|iPhoneSimulator.ActiveCfg = Release|Any CPU
		{F94F9E8A-E239-45EA-9C61-C7855C8B6F25}.Release|iPhoneSimulator.Build.0 = Release|Any CPU
		{F94F9E8A-E239-45EA-9C61-C7855C8B6F25}.Release|x64.ActiveCfg = Release|Any CPU
		{F94F9E8A-E239-45EA-9C61-C7855C8B6F25}.Release|x64.Build.0 = Release|Any CPU
		{F94F9E8A-E239-45EA-9C61-C7855C8B6F25}.Release|x86.ActiveCfg = Release|Any CPU
		{F94F9E8A-E239-45EA-9C61-C7855C8B6F25}.Release|x86.Build.0 = Release|Any CPU
		{D7856971-D877-4CB1-A08C-C2A763EBFAD1}.Ad-Hoc|Any CPU.ActiveCfg = Debug|Any CPU
		{D7856971-D877-4CB1-A08C-C2A763EBFAD1}.Ad-Hoc|Any CPU.Build.0 = Debug|Any CPU
		{D7856971-D877-4CB1-A08C-C2A763EBFAD1}.Ad-Hoc|ARM.ActiveCfg = Debug|Any CPU
		{D7856971-D877-4CB1-A08C-C2A763EBFAD1}.Ad-Hoc|ARM.Build.0 = Debug|Any CPU
		{D7856971-D877-4CB1-A08C-C2A763EBFAD1}.Ad-Hoc|ARM64.ActiveCfg = Debug|Any CPU
		{D7856971-D877-4CB1-A08C-C2A763EBFAD1}.Ad-Hoc|ARM64.Build.0 = Debug|Any CPU
		{D7856971-D877-4CB1-A08C-C2A763EBFAD1}.Ad-Hoc|iPhone.ActiveCfg = Debug|Any CPU
		{D7856971-D877-4CB1-A08C-C2A763EBFAD1}.Ad-Hoc|iPhone.Build.0 = Debug|Any CPU
		{D7856971-D877-4CB1-A08C-C2A763EBFAD1}.Ad-Hoc|iPhoneSimulator.ActiveCfg = Debug|Any CPU
		{D7856971-D877-4CB1-A08C-C2A763EBFAD1}.Ad-Hoc|iPhoneSimulator.Build.0 = Debug|Any CPU
		{D7856971-D877-4CB1-A08C-C2A763EBFAD1}.Ad-Hoc|x64.ActiveCfg = Debug|x64
		{D7856971-D877-4CB1-A08C-C2A763EBFAD1}.Ad-Hoc|x64.Build.0 = Debug|x64
		{D7856971-D877-4CB1-A08C-C2A763EBFAD1}.Ad-Hoc|x86.ActiveCfg = Debug|Any CPU
		{D7856971-D877-4CB1-A08C-C2A763EBFAD1}.Ad-Hoc|x86.Build.0 = Debug|Any CPU
		{D7856971-D877-4CB1-A08C-C2A763EBFAD1}.AppStore|Any CPU.ActiveCfg = Debug|Any CPU
		{D7856971-D877-4CB1-A08C-C2A763EBFAD1}.AppStore|Any CPU.Build.0 = Debug|Any CPU
		{D7856971-D877-4CB1-A08C-C2A763EBFAD1}.AppStore|ARM.ActiveCfg = Debug|Any CPU
		{D7856971-D877-4CB1-A08C-C2A763EBFAD1}.AppStore|ARM.Build.0 = Debug|Any CPU
		{D7856971-D877-4CB1-A08C-C2A763EBFAD1}.AppStore|ARM64.ActiveCfg = Debug|Any CPU
		{D7856971-D877-4CB1-A08C-C2A763EBFAD1}.AppStore|ARM64.Build.0 = Debug|Any CPU
		{D7856971-D877-4CB1-A08C-C2A763EBFAD1}.AppStore|iPhone.ActiveCfg = Debug|Any CPU
		{D7856971-D877-4CB1-A08C-C2A763EBFAD1}.AppStore|iPhone.Build.0 = Debug|Any CPU
		{D7856971-D877-4CB1-A08C-C2A763EBFAD1}.AppStore|iPhoneSimulator.ActiveCfg = Debug|Any CPU
		{D7856971-D877-4CB1-A08C-C2A763EBFAD1}.AppStore|iPhoneSimulator.Build.0 = Debug|Any CPU
		{D7856971-D877-4CB1-A08C-C2A763EBFAD1}.AppStore|x64.ActiveCfg = Debug|x64
		{D7856971-D877-4CB1-A08C-C2A763EBFAD1}.AppStore|x64.Build.0 = Debug|x64
		{D7856971-D877-4CB1-A08C-C2A763EBFAD1}.AppStore|x86.ActiveCfg = Debug|Any CPU
		{D7856971-D877-4CB1-A08C-C2A763EBFAD1}.AppStore|x86.Build.0 = Debug|Any CPU
		{D7856971-D877-4CB1-A08C-C2A763EBFAD1}.Debug|Any CPU.ActiveCfg = Debug|Any CPU
		{D7856971-D877-4CB1-A08C-C2A763EBFAD1}.Debug|Any CPU.Build.0 = Debug|Any CPU
		{D7856971-D877-4CB1-A08C-C2A763EBFAD1}.Debug|ARM.ActiveCfg = Debug|Any CPU
		{D7856971-D877-4CB1-A08C-C2A763EBFAD1}.Debug|ARM.Build.0 = Debug|Any CPU
		{D7856971-D877-4CB1-A08C-C2A763EBFAD1}.Debug|ARM64.ActiveCfg = Debug|Any CPU
		{D7856971-D877-4CB1-A08C-C2A763EBFAD1}.Debug|ARM64.Build.0 = Debug|Any CPU
		{D7856971-D877-4CB1-A08C-C2A763EBFAD1}.Debug|iPhone.ActiveCfg = Debug|Any CPU
		{D7856971-D877-4CB1-A08C-C2A763EBFAD1}.Debug|iPhone.Build.0 = Debug|Any CPU
		{D7856971-D877-4CB1-A08C-C2A763EBFAD1}.Debug|iPhoneSimulator.ActiveCfg = Debug|Any CPU
		{D7856971-D877-4CB1-A08C-C2A763EBFAD1}.Debug|iPhoneSimulator.Build.0 = Debug|Any CPU
		{D7856971-D877-4CB1-A08C-C2A763EBFAD1}.Debug|x64.ActiveCfg = Debug|x64
		{D7856971-D877-4CB1-A08C-C2A763EBFAD1}.Debug|x64.Build.0 = Debug|x64
		{D7856971-D877-4CB1-A08C-C2A763EBFAD1}.Debug|x86.ActiveCfg = Debug|Any CPU
		{D7856971-D877-4CB1-A08C-C2A763EBFAD1}.Debug|x86.Build.0 = Debug|Any CPU
		{D7856971-D877-4CB1-A08C-C2A763EBFAD1}.Release|Any CPU.ActiveCfg = Release|Any CPU
		{D7856971-D877-4CB1-A08C-C2A763EBFAD1}.Release|Any CPU.Build.0 = Release|Any CPU
		{D7856971-D877-4CB1-A08C-C2A763EBFAD1}.Release|ARM.ActiveCfg = Release|Any CPU
		{D7856971-D877-4CB1-A08C-C2A763EBFAD1}.Release|ARM.Build.0 = Release|Any CPU
		{D7856971-D877-4CB1-A08C-C2A763EBFAD1}.Release|ARM64.ActiveCfg = Release|Any CPU
		{D7856971-D877-4CB1-A08C-C2A763EBFAD1}.Release|ARM64.Build.0 = Release|Any CPU
		{D7856971-D877-4CB1-A08C-C2A763EBFAD1}.Release|iPhone.ActiveCfg = Release|Any CPU
		{D7856971-D877-4CB1-A08C-C2A763EBFAD1}.Release|iPhone.Build.0 = Release|Any CPU
		{D7856971-D877-4CB1-A08C-C2A763EBFAD1}.Release|iPhoneSimulator.ActiveCfg = Release|Any CPU
		{D7856971-D877-4CB1-A08C-C2A763EBFAD1}.Release|iPhoneSimulator.Build.0 = Release|Any CPU
		{D7856971-D877-4CB1-A08C-C2A763EBFAD1}.Release|x64.ActiveCfg = Release|x64
		{D7856971-D877-4CB1-A08C-C2A763EBFAD1}.Release|x64.Build.0 = Release|x64
		{D7856971-D877-4CB1-A08C-C2A763EBFAD1}.Release|x86.ActiveCfg = Release|Any CPU
		{D7856971-D877-4CB1-A08C-C2A763EBFAD1}.Release|x86.Build.0 = Release|Any CPU
		{8E7279F8-F801-4672-B42F-1ED2C68B16A4}.Ad-Hoc|Any CPU.ActiveCfg = Release|Win32
		{8E7279F8-F801-4672-B42F-1ED2C68B16A4}.Ad-Hoc|Any CPU.Build.0 = Release|Win32
		{8E7279F8-F801-4672-B42F-1ED2C68B16A4}.Ad-Hoc|ARM.ActiveCfg = Release|Win32
		{8E7279F8-F801-4672-B42F-1ED2C68B16A4}.Ad-Hoc|ARM.Build.0 = Release|Win32
		{8E7279F8-F801-4672-B42F-1ED2C68B16A4}.Ad-Hoc|ARM64.ActiveCfg = Release|Win32
		{8E7279F8-F801-4672-B42F-1ED2C68B16A4}.Ad-Hoc|ARM64.Build.0 = Release|Win32
		{8E7279F8-F801-4672-B42F-1ED2C68B16A4}.Ad-Hoc|iPhone.ActiveCfg = Release|Win32
		{8E7279F8-F801-4672-B42F-1ED2C68B16A4}.Ad-Hoc|iPhone.Build.0 = Release|Win32
		{8E7279F8-F801-4672-B42F-1ED2C68B16A4}.Ad-Hoc|iPhoneSimulator.ActiveCfg = Release|Win32
		{8E7279F8-F801-4672-B42F-1ED2C68B16A4}.Ad-Hoc|iPhoneSimulator.Build.0 = Release|Win32
		{8E7279F8-F801-4672-B42F-1ED2C68B16A4}.Ad-Hoc|x64.ActiveCfg = Release|x64
		{8E7279F8-F801-4672-B42F-1ED2C68B16A4}.Ad-Hoc|x64.Build.0 = Release|x64
		{8E7279F8-F801-4672-B42F-1ED2C68B16A4}.Ad-Hoc|x86.ActiveCfg = Release|Win32
		{8E7279F8-F801-4672-B42F-1ED2C68B16A4}.Ad-Hoc|x86.Build.0 = Release|Win32
		{8E7279F8-F801-4672-B42F-1ED2C68B16A4}.AppStore|Any CPU.ActiveCfg = Release|Win32
		{8E7279F8-F801-4672-B42F-1ED2C68B16A4}.AppStore|Any CPU.Build.0 = Release|Win32
		{8E7279F8-F801-4672-B42F-1ED2C68B16A4}.AppStore|ARM.ActiveCfg = Release|Win32
		{8E7279F8-F801-4672-B42F-1ED2C68B16A4}.AppStore|ARM.Build.0 = Release|Win32
		{8E7279F8-F801-4672-B42F-1ED2C68B16A4}.AppStore|ARM64.ActiveCfg = Release|Win32
		{8E7279F8-F801-4672-B42F-1ED2C68B16A4}.AppStore|ARM64.Build.0 = Release|Win32
		{8E7279F8-F801-4672-B42F-1ED2C68B16A4}.AppStore|iPhone.ActiveCfg = Release|Win32
		{8E7279F8-F801-4672-B42F-1ED2C68B16A4}.AppStore|iPhone.Build.0 = Release|Win32
		{8E7279F8-F801-4672-B42F-1ED2C68B16A4}.AppStore|iPhoneSimulator.ActiveCfg = Release|Win32
		{8E7279F8-F801-4672-B42F-1ED2C68B16A4}.AppStore|iPhoneSimulator.Build.0 = Release|Win32
		{8E7279F8-F801-4672-B42F-1ED2C68B16A4}.AppStore|x64.ActiveCfg = Release|x64
		{8E7279F8-F801-4672-B42F-1ED2C68B16A4}.AppStore|x64.Build.0 = Release|x64
		{8E7279F8-F801-4672-B42F-1ED2C68B16A4}.AppStore|x86.ActiveCfg = Release|Win32
		{8E7279F8-F801-4672-B42F-1ED2C68B16A4}.AppStore|x86.Build.0 = Release|Win32
		{8E7279F8-F801-4672-B42F-1ED2C68B16A4}.Debug|Any CPU.ActiveCfg = Release|Win32
		{8E7279F8-F801-4672-B42F-1ED2C68B16A4}.Debug|Any CPU.Build.0 = Release|Win32
		{8E7279F8-F801-4672-B42F-1ED2C68B16A4}.Debug|ARM.ActiveCfg = Release|Win32
		{8E7279F8-F801-4672-B42F-1ED2C68B16A4}.Debug|ARM.Build.0 = Release|Win32
		{8E7279F8-F801-4672-B42F-1ED2C68B16A4}.Debug|ARM64.ActiveCfg = Release|Win32
		{8E7279F8-F801-4672-B42F-1ED2C68B16A4}.Debug|ARM64.Build.0 = Release|Win32
		{8E7279F8-F801-4672-B42F-1ED2C68B16A4}.Debug|iPhone.ActiveCfg = Release|Win32
		{8E7279F8-F801-4672-B42F-1ED2C68B16A4}.Debug|iPhone.Build.0 = Release|Win32
		{8E7279F8-F801-4672-B42F-1ED2C68B16A4}.Debug|iPhoneSimulator.ActiveCfg = Release|Win32
		{8E7279F8-F801-4672-B42F-1ED2C68B16A4}.Debug|iPhoneSimulator.Build.0 = Release|Win32
		{8E7279F8-F801-4672-B42F-1ED2C68B16A4}.Debug|x64.ActiveCfg = Release|x64
		{8E7279F8-F801-4672-B42F-1ED2C68B16A4}.Debug|x64.Build.0 = Release|x64
		{8E7279F8-F801-4672-B42F-1ED2C68B16A4}.Debug|x86.ActiveCfg = Release|Win32
		{8E7279F8-F801-4672-B42F-1ED2C68B16A4}.Debug|x86.Build.0 = Release|Win32
		{8E7279F8-F801-4672-B42F-1ED2C68B16A4}.Release|Any CPU.ActiveCfg = Release|Win32
		{8E7279F8-F801-4672-B42F-1ED2C68B16A4}.Release|ARM.ActiveCfg = Release|Win32
		{8E7279F8-F801-4672-B42F-1ED2C68B16A4}.Release|ARM64.ActiveCfg = Release|Win32
		{8E7279F8-F801-4672-B42F-1ED2C68B16A4}.Release|iPhone.ActiveCfg = Release|Win32
		{8E7279F8-F801-4672-B42F-1ED2C68B16A4}.Release|iPhoneSimulator.ActiveCfg = Release|Win32
		{8E7279F8-F801-4672-B42F-1ED2C68B16A4}.Release|x64.ActiveCfg = Release|x64
		{8E7279F8-F801-4672-B42F-1ED2C68B16A4}.Release|x64.Build.0 = Release|x64
		{8E7279F8-F801-4672-B42F-1ED2C68B16A4}.Release|x86.ActiveCfg = Release|Win32
		{8E7279F8-F801-4672-B42F-1ED2C68B16A4}.Release|x86.Build.0 = Release|Win32
		{707296F9-6AEF-4548-A66D-4CF3E5795B1A}.Ad-Hoc|Any CPU.ActiveCfg = Release|ARM64
		{707296F9-6AEF-4548-A66D-4CF3E5795B1A}.Ad-Hoc|Any CPU.Build.0 = Release|ARM64
		{707296F9-6AEF-4548-A66D-4CF3E5795B1A}.Ad-Hoc|ARM.ActiveCfg = Release|ARM
		{707296F9-6AEF-4548-A66D-4CF3E5795B1A}.Ad-Hoc|ARM.Build.0 = Release|ARM
		{707296F9-6AEF-4548-A66D-4CF3E5795B1A}.Ad-Hoc|ARM64.ActiveCfg = Release|ARM64
		{707296F9-6AEF-4548-A66D-4CF3E5795B1A}.Ad-Hoc|ARM64.Build.0 = Release|ARM64
		{707296F9-6AEF-4548-A66D-4CF3E5795B1A}.Ad-Hoc|iPhone.ActiveCfg = Release|ARM64
		{707296F9-6AEF-4548-A66D-4CF3E5795B1A}.Ad-Hoc|iPhone.Build.0 = Release|ARM64
		{707296F9-6AEF-4548-A66D-4CF3E5795B1A}.Ad-Hoc|iPhoneSimulator.ActiveCfg = Release|ARM64
		{707296F9-6AEF-4548-A66D-4CF3E5795B1A}.Ad-Hoc|iPhoneSimulator.Build.0 = Release|ARM64
		{707296F9-6AEF-4548-A66D-4CF3E5795B1A}.Ad-Hoc|x64.ActiveCfg = Release|x64
		{707296F9-6AEF-4548-A66D-4CF3E5795B1A}.Ad-Hoc|x64.Build.0 = Release|x64
		{707296F9-6AEF-4548-A66D-4CF3E5795B1A}.Ad-Hoc|x86.ActiveCfg = Release|x86
		{707296F9-6AEF-4548-A66D-4CF3E5795B1A}.Ad-Hoc|x86.Build.0 = Release|x86
		{707296F9-6AEF-4548-A66D-4CF3E5795B1A}.AppStore|Any CPU.ActiveCfg = Release|ARM64
		{707296F9-6AEF-4548-A66D-4CF3E5795B1A}.AppStore|Any CPU.Build.0 = Release|ARM64
		{707296F9-6AEF-4548-A66D-4CF3E5795B1A}.AppStore|ARM.ActiveCfg = Release|ARM
		{707296F9-6AEF-4548-A66D-4CF3E5795B1A}.AppStore|ARM.Build.0 = Release|ARM
		{707296F9-6AEF-4548-A66D-4CF3E5795B1A}.AppStore|ARM64.ActiveCfg = Release|ARM64
		{707296F9-6AEF-4548-A66D-4CF3E5795B1A}.AppStore|ARM64.Build.0 = Release|ARM64
		{707296F9-6AEF-4548-A66D-4CF3E5795B1A}.AppStore|iPhone.ActiveCfg = Release|ARM64
		{707296F9-6AEF-4548-A66D-4CF3E5795B1A}.AppStore|iPhone.Build.0 = Release|ARM64
		{707296F9-6AEF-4548-A66D-4CF3E5795B1A}.AppStore|iPhoneSimulator.ActiveCfg = Release|ARM64
		{707296F9-6AEF-4548-A66D-4CF3E5795B1A}.AppStore|iPhoneSimulator.Build.0 = Release|ARM64
		{707296F9-6AEF-4548-A66D-4CF3E5795B1A}.AppStore|x64.ActiveCfg = Release|x64
		{707296F9-6AEF-4548-A66D-4CF3E5795B1A}.AppStore|x64.Build.0 = Release|x64
		{707296F9-6AEF-4548-A66D-4CF3E5795B1A}.AppStore|x86.ActiveCfg = Release|x86
		{707296F9-6AEF-4548-A66D-4CF3E5795B1A}.AppStore|x86.Build.0 = Release|x86
		{707296F9-6AEF-4548-A66D-4CF3E5795B1A}.Debug|Any CPU.ActiveCfg = Release|ARM64
		{707296F9-6AEF-4548-A66D-4CF3E5795B1A}.Debug|Any CPU.Build.0 = Release|ARM64
		{707296F9-6AEF-4548-A66D-4CF3E5795B1A}.Debug|ARM.ActiveCfg = Release|ARM
		{707296F9-6AEF-4548-A66D-4CF3E5795B1A}.Debug|ARM.Build.0 = Release|ARM
		{707296F9-6AEF-4548-A66D-4CF3E5795B1A}.Debug|ARM64.ActiveCfg = Release|ARM64
		{707296F9-6AEF-4548-A66D-4CF3E5795B1A}.Debug|ARM64.Build.0 = Release|ARM64
		{707296F9-6AEF-4548-A66D-4CF3E5795B1A}.Debug|iPhone.ActiveCfg = Release|ARM64
		{707296F9-6AEF-4548-A66D-4CF3E5795B1A}.Debug|iPhone.Build.0 = Release|ARM64
		{707296F9-6AEF-4548-A66D-4CF3E5795B1A}.Debug|iPhoneSimulator.ActiveCfg = Release|ARM64
		{707296F9-6AEF-4548-A66D-4CF3E5795B1A}.Debug|iPhoneSimulator.Build.0 = Release|ARM64
		{707296F9-6AEF-4548-A66D-4CF3E5795B1A}.Debug|x64.ActiveCfg = Release|x64
		{707296F9-6AEF-4548-A66D-4CF3E5795B1A}.Debug|x64.Build.0 = Release|x64
		{707296F9-6AEF-4548-A66D-4CF3E5795B1A}.Debug|x86.ActiveCfg = Release|x86
		{707296F9-6AEF-4548-A66D-4CF3E5795B1A}.Debug|x86.Build.0 = Release|x86
		{707296F9-6AEF-4548-A66D-4CF3E5795B1A}.Release|Any CPU.ActiveCfg = Release|x86
		{707296F9-6AEF-4548-A66D-4CF3E5795B1A}.Release|ARM.ActiveCfg = Release|ARM
		{707296F9-6AEF-4548-A66D-4CF3E5795B1A}.Release|ARM.Build.0 = Release|ARM
		{707296F9-6AEF-4548-A66D-4CF3E5795B1A}.Release|ARM64.ActiveCfg = Release|ARM64
		{707296F9-6AEF-4548-A66D-4CF3E5795B1A}.Release|ARM64.Build.0 = Release|ARM64
		{707296F9-6AEF-4548-A66D-4CF3E5795B1A}.Release|iPhone.ActiveCfg = Release|x86
		{707296F9-6AEF-4548-A66D-4CF3E5795B1A}.Release|iPhoneSimulator.ActiveCfg = Release|x86
		{707296F9-6AEF-4548-A66D-4CF3E5795B1A}.Release|x64.ActiveCfg = Release|x64
		{707296F9-6AEF-4548-A66D-4CF3E5795B1A}.Release|x64.Build.0 = Release|x64
		{707296F9-6AEF-4548-A66D-4CF3E5795B1A}.Release|x86.ActiveCfg = Release|x86
		{707296F9-6AEF-4548-A66D-4CF3E5795B1A}.Release|x86.Build.0 = Release|x86
		{658C140F-2E73-4E22-80A7-F05DF0A83318}.Ad-Hoc|Any CPU.ActiveCfg = Debug|Any CPU
		{658C140F-2E73-4E22-80A7-F05DF0A83318}.Ad-Hoc|Any CPU.Build.0 = Debug|Any CPU
		{658C140F-2E73-4E22-80A7-F05DF0A83318}.Ad-Hoc|ARM.ActiveCfg = Debug|Any CPU
		{658C140F-2E73-4E22-80A7-F05DF0A83318}.Ad-Hoc|ARM.Build.0 = Debug|Any CPU
		{658C140F-2E73-4E22-80A7-F05DF0A83318}.Ad-Hoc|ARM64.ActiveCfg = Debug|Any CPU
		{658C140F-2E73-4E22-80A7-F05DF0A83318}.Ad-Hoc|ARM64.Build.0 = Debug|Any CPU
		{658C140F-2E73-4E22-80A7-F05DF0A83318}.Ad-Hoc|iPhone.ActiveCfg = Debug|Any CPU
		{658C140F-2E73-4E22-80A7-F05DF0A83318}.Ad-Hoc|iPhone.Build.0 = Debug|Any CPU
		{658C140F-2E73-4E22-80A7-F05DF0A83318}.Ad-Hoc|iPhoneSimulator.ActiveCfg = Debug|Any CPU
		{658C140F-2E73-4E22-80A7-F05DF0A83318}.Ad-Hoc|iPhoneSimulator.Build.0 = Debug|Any CPU
		{658C140F-2E73-4E22-80A7-F05DF0A83318}.Ad-Hoc|x64.ActiveCfg = Debug|Any CPU
		{658C140F-2E73-4E22-80A7-F05DF0A83318}.Ad-Hoc|x64.Build.0 = Debug|Any CPU
		{658C140F-2E73-4E22-80A7-F05DF0A83318}.Ad-Hoc|x86.ActiveCfg = Debug|Any CPU
		{658C140F-2E73-4E22-80A7-F05DF0A83318}.Ad-Hoc|x86.Build.0 = Debug|Any CPU
		{658C140F-2E73-4E22-80A7-F05DF0A83318}.AppStore|Any CPU.ActiveCfg = Debug|Any CPU
		{658C140F-2E73-4E22-80A7-F05DF0A83318}.AppStore|Any CPU.Build.0 = Debug|Any CPU
		{658C140F-2E73-4E22-80A7-F05DF0A83318}.AppStore|ARM.ActiveCfg = Debug|Any CPU
		{658C140F-2E73-4E22-80A7-F05DF0A83318}.AppStore|ARM.Build.0 = Debug|Any CPU
		{658C140F-2E73-4E22-80A7-F05DF0A83318}.AppStore|ARM64.ActiveCfg = Debug|Any CPU
		{658C140F-2E73-4E22-80A7-F05DF0A83318}.AppStore|ARM64.Build.0 = Debug|Any CPU
		{658C140F-2E73-4E22-80A7-F05DF0A83318}.AppStore|iPhone.ActiveCfg = Debug|Any CPU
		{658C140F-2E73-4E22-80A7-F05DF0A83318}.AppStore|iPhone.Build.0 = Debug|Any CPU
		{658C140F-2E73-4E22-80A7-F05DF0A83318}.AppStore|iPhoneSimulator.ActiveCfg = Debug|Any CPU
		{658C140F-2E73-4E22-80A7-F05DF0A83318}.AppStore|iPhoneSimulator.Build.0 = Debug|Any CPU
		{658C140F-2E73-4E22-80A7-F05DF0A83318}.AppStore|x64.ActiveCfg = Debug|Any CPU
		{658C140F-2E73-4E22-80A7-F05DF0A83318}.AppStore|x64.Build.0 = Debug|Any CPU
		{658C140F-2E73-4E22-80A7-F05DF0A83318}.AppStore|x86.ActiveCfg = Debug|Any CPU
		{658C140F-2E73-4E22-80A7-F05DF0A83318}.AppStore|x86.Build.0 = Debug|Any CPU
		{658C140F-2E73-4E22-80A7-F05DF0A83318}.Debug|Any CPU.ActiveCfg = Debug|Any CPU
		{658C140F-2E73-4E22-80A7-F05DF0A83318}.Debug|Any CPU.Build.0 = Debug|Any CPU
		{658C140F-2E73-4E22-80A7-F05DF0A83318}.Debug|ARM.ActiveCfg = Debug|Any CPU
		{658C140F-2E73-4E22-80A7-F05DF0A83318}.Debug|ARM.Build.0 = Debug|Any CPU
		{658C140F-2E73-4E22-80A7-F05DF0A83318}.Debug|ARM64.ActiveCfg = Debug|Any CPU
		{658C140F-2E73-4E22-80A7-F05DF0A83318}.Debug|ARM64.Build.0 = Debug|Any CPU
		{658C140F-2E73-4E22-80A7-F05DF0A83318}.Debug|iPhone.ActiveCfg = Debug|Any CPU
		{658C140F-2E73-4E22-80A7-F05DF0A83318}.Debug|iPhone.Build.0 = Debug|Any CPU
		{658C140F-2E73-4E22-80A7-F05DF0A83318}.Debug|iPhoneSimulator.ActiveCfg = Debug|Any CPU
		{658C140F-2E73-4E22-80A7-F05DF0A83318}.Debug|iPhoneSimulator.Build.0 = Debug|Any CPU
		{658C140F-2E73-4E22-80A7-F05DF0A83318}.Debug|x64.ActiveCfg = Debug|Any CPU
		{658C140F-2E73-4E22-80A7-F05DF0A83318}.Debug|x64.Build.0 = Debug|Any CPU
		{658C140F-2E73-4E22-80A7-F05DF0A83318}.Debug|x86.ActiveCfg = Debug|Any CPU
		{658C140F-2E73-4E22-80A7-F05DF0A83318}.Debug|x86.Build.0 = Debug|Any CPU
		{658C140F-2E73-4E22-80A7-F05DF0A83318}.Release|Any CPU.ActiveCfg = Release|Any CPU
		{658C140F-2E73-4E22-80A7-F05DF0A83318}.Release|Any CPU.Build.0 = Release|Any CPU
		{658C140F-2E73-4E22-80A7-F05DF0A83318}.Release|ARM.ActiveCfg = Release|Any CPU
		{658C140F-2E73-4E22-80A7-F05DF0A83318}.Release|ARM.Build.0 = Release|Any CPU
		{658C140F-2E73-4E22-80A7-F05DF0A83318}.Release|ARM64.ActiveCfg = Release|Any CPU
		{658C140F-2E73-4E22-80A7-F05DF0A83318}.Release|ARM64.Build.0 = Release|Any CPU
		{658C140F-2E73-4E22-80A7-F05DF0A83318}.Release|iPhone.ActiveCfg = Release|Any CPU
		{658C140F-2E73-4E22-80A7-F05DF0A83318}.Release|iPhone.Build.0 = Release|Any CPU
		{658C140F-2E73-4E22-80A7-F05DF0A83318}.Release|iPhoneSimulator.ActiveCfg = Release|Any CPU
		{658C140F-2E73-4E22-80A7-F05DF0A83318}.Release|iPhoneSimulator.Build.0 = Release|Any CPU
		{658C140F-2E73-4E22-80A7-F05DF0A83318}.Release|x64.ActiveCfg = Release|Any CPU
		{658C140F-2E73-4E22-80A7-F05DF0A83318}.Release|x64.Build.0 = Release|Any CPU
		{658C140F-2E73-4E22-80A7-F05DF0A83318}.Release|x86.ActiveCfg = Release|Any CPU
		{658C140F-2E73-4E22-80A7-F05DF0A83318}.Release|x86.Build.0 = Release|Any CPU
	EndGlobalSection
	GlobalSection(SolutionProperties) = preSolution
		HideSolutionNode = FALSE
	EndGlobalSection
	GlobalSection(NestedProjects) = preSolution
		{F94F9E8A-E239-45EA-9C61-C7855C8B6F25} = {C84DCB3F-A5BE-494A-8455-4D7B46C0026A}
		{D7856971-D877-4CB1-A08C-C2A763EBFAD1} = {C84DCB3F-A5BE-494A-8455-4D7B46C0026A}
		{8E7279F8-F801-4672-B42F-1ED2C68B16A4} = {C84DCB3F-A5BE-494A-8455-4D7B46C0026A}
		{707296F9-6AEF-4548-A66D-4CF3E5795B1A} = {C84DCB3F-A5BE-494A-8455-4D7B46C0026A}
		{658C140F-2E73-4E22-80A7-F05DF0A83318} = {C84DCB3F-A5BE-494A-8455-4D7B46C0026A}
	EndGlobalSection
	GlobalSection(ExtensibilityGlobals) = postSolution
		SolutionGuid = {1BE86554-BF99-4893-B584-59E12612DAAD}
	EndGlobalSection
EndGlobal
